
Microsoft Visual Studio Solution File, Format Version 12.00
# Visual Studio 15
VisualStudioVersion = 15.0.28307.489
MinimumVisualStudioVersion = 10.0.40219.1
Project("{FAE04EC0-301F-11D3-BF4B-00C04F79EFBC}") = "project_1", "project_1\project_1.csproj", "{DAEC87A6-F34D-4FA5-B803-2BB5F1B31198}"
EndProject
Global
	GlobalSection(SolutionConfigurationPlatforms) = preSolution
		Debug|Any CPU = Debug|Any CPU
		Release|Any CPU = Release|Any CPU
	EndGlobalSection
	GlobalSection(ProjectConfigurationPlatforms) = postSolution
		{DAEC87A6-F34D-4FA5-B803-2BB5F1B31198}.Debug|Any CPU.ActiveCfg = Debug|Any CPU
		{DAEC87A6-F34D-4FA5-B803-2BB5F1B31198}.Debug|Any CPU.Build.0 = Debug|Any CPU
		{DAEC87A6-F34D-4FA5-B803-2BB5F1B31198}.Release|Any CPU.ActiveCfg = Release|Any CPU
		{DAEC87A6-F34D-4FA5-B803-2BB5F1B31198}.Release|Any CPU.Build.0 = Release|Any CPU
	EndGlobalSection
	GlobalSection(SolutionProperties) = preSolution
		HideSolutionNode = FALSE
	EndGlobalSection
	GlobalSection(ExtensibilityGlobals) = postSolution
		SolutionGuid = {21E22A85-7CC1-4F36-A1A9-2E0F28E7E8A9}
	EndGlobalSection
EndGlobal
